# This file is automatically @generated by Cargo.
# It is not intended for manual editing.
version = 3

[[package]]
name = "adler32"
version = "1.2.0"
source = "registry+https://github.com/rust-lang/crates.io-index"
checksum = "aae1277d39aeec15cb388266ecc24b11c80469deae6067e17a1a7aa9e5c1f234"

[[package]]
name = "bitflags"
version = "1.3.2"
source = "registry+https://github.com/rust-lang/crates.io-index"
checksum = "bef38d45163c2f1dde094a7dfd33ccf595c92905c8f8f4fdc18d06fb1037718a"

[[package]]
name = "inflate"
version = "0.4.5"
source = "registry+https://github.com/rust-lang/crates.io-index"
checksum = "1cdb29978cc5797bd8dcc8e5bf7de604891df2a8dc576973d71a281e916db2ff"
dependencies = [
 "adler32",
]

[[package]]
name = "ipnet"
version = "2.11.0"
source = "registry+https://github.com/rust-lang/crates.io-index"
checksum = "469fb0b9cefa57e3ef31275ee7cacb78f2fdca44e4765491884a2b119d4eb130"

[[package]]
name = "iprange"
version = "0.6.7"
source = "registry+https://github.com/rust-lang/crates.io-index"
checksum = "37209be0ad225457e63814401415e748e2453a5297f9b637338f5fb8afa4ec00"
dependencies = [
 "ipnet",
]

[[package]]
name = "log"
version = "0.4.25"
source = "registry+https://github.com/rust-lang/crates.io-index"
checksum = "04cbf5b083de1c7e0222a7a51dbfdba1cbe1c6ab0b15e29fff3f6c077fd9cd9f"

[[package]]
name = "terraria-protocol"
version = "0.1.0"
source = "git+https://github.com/Like4Schnitzel/terry?rev=216fb45bcadbc55a02d8f77f125f2c7fb13139b2#216fb45bcadbc55a02d8f77f125f2c7fb13139b2"
dependencies = [
 "bitflags",
 "inflate",
 "log",
]

[[package]]
name = "terraria_server_scanner"
version = "0.1.0"
dependencies = [
 "iprange",
 "terraria-protocol",
]
